// !$*UTF8*$!
{
	archiveVersion = 1;
	classes = {
	};
	objectVersion = 50;
	objects = {

/* Begin PBXBuildFile section */
		F22F9C95251A8ABC00507D71 /* NewsAPICoordinator.swift in Sources */ = {isa = PBXBuildFile; fileRef = F22F9C94251A8ABC00507D71 /* NewsAPICoordinator.swift */; };
		F22F9C9A251BB00500507D71 /* RequestBuilderTests.swift in Sources */ = {isa = PBXBuildFile; fileRef = F22F9C99251BB00500507D71 /* RequestBuilderTests.swift */; };
		F22F9C9C251BC35400507D71 /* NetworkRequestDataProvider.swift in Sources */ = {isa = PBXBuildFile; fileRef = F22F9C9B251BC35400507D71 /* NetworkRequestDataProvider.swift */; };
		F22F9CA2251BC47700507D71 /* NewsAPIHeadlineEndpointTests.swift in Sources */ = {isa = PBXBuildFile; fileRef = F22F9CA1251BC47700507D71 /* NewsAPIHeadlineEndpointTests.swift */; };
		F22F9CA4251BCB1700507D71 /* NewsAPIEverythingEndpointTests.swift in Sources */ = {isa = PBXBuildFile; fileRef = F22F9CA3251BCB1700507D71 /* NewsAPIEverythingEndpointTests.swift */; };
		F22F9CA6251BD5C100507D71 /* NewsAPISourcesEndpointTests.swift in Sources */ = {isa = PBXBuildFile; fileRef = F22F9CA5251BD5C100507D71 /* NewsAPISourcesEndpointTests.swift */; };
		F22F9CA8251BD85200507D71 /* NewsAPIKeyIntegrater.swift in Sources */ = {isa = PBXBuildFile; fileRef = F22F9CA7251BD85200507D71 /* NewsAPIKeyIntegrater.swift */; };
		F22F9CAA251BDBA400507D71 /* NewAPIKeyIntegraterTests.swift in Sources */ = {isa = PBXBuildFile; fileRef = F22F9CA9251BDBA400507D71 /* NewAPIKeyIntegraterTests.swift */; };
		F238C853251A3198000FAFF6 /* AppDelegate.swift in Sources */ = {isa = PBXBuildFile; fileRef = F238C852251A3198000FAFF6 /* AppDelegate.swift */; };
		F238C855251A3198000FAFF6 /* SceneDelegate.swift in Sources */ = {isa = PBXBuildFile; fileRef = F238C854251A3198000FAFF6 /* SceneDelegate.swift */; };
		F238C857251A3198000FAFF6 /* NewsAPIViewController.swift in Sources */ = {isa = PBXBuildFile; fileRef = F238C856251A3198000FAFF6 /* NewsAPIViewController.swift */; };
		F238C85C251A319A000FAFF6 /* Assets.xcassets in Resources */ = {isa = PBXBuildFile; fileRef = F238C85B251A319A000FAFF6 /* Assets.xcassets */; };
		F238C85F251A319A000FAFF6 /* LaunchScreen.storyboard in Resources */ = {isa = PBXBuildFile; fileRef = F238C85D251A319A000FAFF6 /* LaunchScreen.storyboard */; };
		F238C868251A342B000FAFF6 /* NetworkRequestExecuter.swift in Sources */ = {isa = PBXBuildFile; fileRef = F238C867251A342B000FAFF6 /* NetworkRequestExecuter.swift */; };
		F238C870251A3854000FAFF6 /* NetworkServiceTests.swift in Sources */ = {isa = PBXBuildFile; fileRef = F238C86F251A3854000FAFF6 /* NetworkServiceTests.swift */; };
		F238C878251A4932000FAFF6 /* StubRequestFetcher.swift in Sources */ = {isa = PBXBuildFile; fileRef = F238C877251A4932000FAFF6 /* StubRequestFetcher.swift */; };
		F238C87A251A4956000FAFF6 /* StubDecoder.swift in Sources */ = {isa = PBXBuildFile; fileRef = F238C879251A4956000FAFF6 /* StubDecoder.swift */; };
		F238C87C251A4968000FAFF6 /* StubNetworkServiceError.swift in Sources */ = {isa = PBXBuildFile; fileRef = F238C87B251A4968000FAFF6 /* StubNetworkServiceError.swift */; };
		F238C87E251A4990000FAFF6 /* NetworkServiceStubModal.swift in Sources */ = {isa = PBXBuildFile; fileRef = F238C87D251A4990000FAFF6 /* NetworkServiceStubModal.swift */; };
		F238C883251A4A98000FAFF6 /* NetworkRequestConstructor.swift in Sources */ = {isa = PBXBuildFile; fileRef = F238C882251A4A98000FAFF6 /* NetworkRequestConstructor.swift */; };
		F238C885251A6176000FAFF6 /* NewsAPIEndpoint.swift in Sources */ = {isa = PBXBuildFile; fileRef = F238C884251A6176000FAFF6 /* NewsAPIEndpoint.swift */; };
		F238C887251A66F3000FAFF6 /* NewsAPIInterceptor.swift in Sources */ = {isa = PBXBuildFile; fileRef = F238C886251A66F3000FAFF6 /* NewsAPIInterceptor.swift */; };
		F238C88A251A6794000FAFF6 /* API_KEYS.swift in Sources */ = {isa = PBXBuildFile; fileRef = F238C889251A6794000FAFF6 /* API_KEYS.swift */; };
		F238C88E251A8342000FAFF6 /* NewsScrollerView.swift in Sources */ = {isa = PBXBuildFile; fileRef = F238C88D251A8342000FAFF6 /* NewsScrollerView.swift */; };
		F28776F6251F3D460012E8A2 /* NewsCardTableViewCell.swift in Sources */ = {isa = PBXBuildFile; fileRef = F28776F5251F3D460012E8A2 /* NewsCardTableViewCell.swift */; };
		F28776F8251F70400012E8A2 /* ResponseCacher.swift in Sources */ = {isa = PBXBuildFile; fileRef = F28776F7251F70400012E8A2 /* ResponseCacher.swift */; };
		F28776FB251FB7450012E8A2 /* NewsCardTableViewCellViewModel.swift in Sources */ = {isa = PBXBuildFile; fileRef = F28776FA251FB7450012E8A2 /* NewsCardTableViewCellViewModel.swift */; };
		F28776FD251FB7BE0012E8A2 /* NewCardTableViewModel.swift in Sources */ = {isa = PBXBuildFile; fileRef = F28776FC251FB7BE0012E8A2 /* NewCardTableViewModel.swift */; };
		F28776FF251FC9990012E8A2 /* Extensions.swift in Sources */ = {isa = PBXBuildFile; fileRef = F28776FE251FC9990012E8A2 /* Extensions.swift */; };
/* End PBXBuildFile section */

/* Begin PBXContainerItemProxy section */
		F238C872251A3854000FAFF6 /* PBXContainerItemProxy */ = {
			isa = PBXContainerItemProxy;
			containerPortal = F238C847251A3198000FAFF6 /* Project object */;
			proxyType = 1;
			remoteGlobalIDString = F238C84E251A3198000FAFF6;
			remoteInfo = NewsApp;
		};
/* End PBXContainerItemProxy section */

/* Begin PBXFileReference section */
		F22F9C94251A8ABC00507D71 /* NewsAPICoordinator.swift */ = {isa = PBXFileReference; lastKnownFileType = sourcecode.swift; path = NewsAPICoordinator.swift; sourceTree = "<group>"; };
		F22F9C99251BB00500507D71 /* RequestBuilderTests.swift */ = {isa = PBXFileReference; lastKnownFileType = sourcecode.swift; path = RequestBuilderTests.swift; sourceTree = "<group>"; };
		F22F9C9B251BC35400507D71 /* NetworkRequestDataProvider.swift */ = {isa = PBXFileReference; lastKnownFileType = sourcecode.swift; path = NetworkRequestDataProvider.swift; sourceTree = "<group>"; };
		F22F9CA1251BC47700507D71 /* NewsAPIHeadlineEndpointTests.swift */ = {isa = PBXFileReference; lastKnownFileType = sourcecode.swift; path = NewsAPIHeadlineEndpointTests.swift; sourceTree = "<group>"; };
		F22F9CA3251BCB1700507D71 /* NewsAPIEverythingEndpointTests.swift */ = {isa = PBXFileReference; lastKnownFileType = sourcecode.swift; path = NewsAPIEverythingEndpointTests.swift; sourceTree = "<group>"; };
		F22F9CA5251BD5C100507D71 /* NewsAPISourcesEndpointTests.swift */ = {isa = PBXFileReference; lastKnownFileType = sourcecode.swift; path = NewsAPISourcesEndpointTests.swift; sourceTree = "<group>"; };
		F22F9CA7251BD85200507D71 /* NewsAPIKeyIntegrater.swift */ = {isa = PBXFileReference; lastKnownFileType = sourcecode.swift; path = NewsAPIKeyIntegrater.swift; sourceTree = "<group>"; };
		F22F9CA9251BDBA400507D71 /* NewAPIKeyIntegraterTests.swift */ = {isa = PBXFileReference; lastKnownFileType = sourcecode.swift; path = NewAPIKeyIntegraterTests.swift; sourceTree = "<group>"; };
		F238C84F251A3198000FAFF6 /* NewsApp.app */ = {isa = PBXFileReference; explicitFileType = wrapper.application; includeInIndex = 0; path = NewsApp.app; sourceTree = BUILT_PRODUCTS_DIR; };
		F238C852251A3198000FAFF6 /* AppDelegate.swift */ = {isa = PBXFileReference; lastKnownFileType = sourcecode.swift; path = AppDelegate.swift; sourceTree = "<group>"; };
		F238C854251A3198000FAFF6 /* SceneDelegate.swift */ = {isa = PBXFileReference; lastKnownFileType = sourcecode.swift; path = SceneDelegate.swift; sourceTree = "<group>"; };
		F238C856251A3198000FAFF6 /* NewsAPIViewController.swift */ = {isa = PBXFileReference; lastKnownFileType = sourcecode.swift; path = NewsAPIViewController.swift; sourceTree = "<group>"; };
		F238C85B251A319A000FAFF6 /* Assets.xcassets */ = {isa = PBXFileReference; lastKnownFileType = folder.assetcatalog; path = Assets.xcassets; sourceTree = "<group>"; };
		F238C85E251A319A000FAFF6 /* Base */ = {isa = PBXFileReference; lastKnownFileType = file.storyboard; name = Base; path = Base.lproj/LaunchScreen.storyboard; sourceTree = "<group>"; };
		F238C860251A319A000FAFF6 /* Info.plist */ = {isa = PBXFileReference; lastKnownFileType = text.plist.xml; path = Info.plist; sourceTree = "<group>"; };
		F238C867251A342B000FAFF6 /* NetworkRequestExecuter.swift */ = {isa = PBXFileReference; lastKnownFileType = sourcecode.swift; path = NetworkRequestExecuter.swift; sourceTree = "<group>"; };
		F238C86D251A3854000FAFF6 /* NewsAppTests.xctest */ = {isa = PBXFileReference; explicitFileType = wrapper.cfbundle; includeInIndex = 0; path = NewsAppTests.xctest; sourceTree = BUILT_PRODUCTS_DIR; };
		F238C86F251A3854000FAFF6 /* NetworkServiceTests.swift */ = {isa = PBXFileReference; lastKnownFileType = sourcecode.swift; path = NetworkServiceTests.swift; sourceTree = "<group>"; };
		F238C871251A3854000FAFF6 /* Info.plist */ = {isa = PBXFileReference; lastKnownFileType = text.plist.xml; path = Info.plist; sourceTree = "<group>"; };
		F238C877251A4932000FAFF6 /* StubRequestFetcher.swift */ = {isa = PBXFileReference; lastKnownFileType = sourcecode.swift; path = StubRequestFetcher.swift; sourceTree = "<group>"; };
		F238C879251A4956000FAFF6 /* StubDecoder.swift */ = {isa = PBXFileReference; lastKnownFileType = sourcecode.swift; path = StubDecoder.swift; sourceTree = "<group>"; };
		F238C87B251A4968000FAFF6 /* StubNetworkServiceError.swift */ = {isa = PBXFileReference; lastKnownFileType = sourcecode.swift; path = StubNetworkServiceError.swift; sourceTree = "<group>"; };
		F238C87D251A4990000FAFF6 /* NetworkServiceStubModal.swift */ = {isa = PBXFileReference; lastKnownFileType = sourcecode.swift; path = NetworkServiceStubModal.swift; sourceTree = "<group>"; };
		F238C882251A4A98000FAFF6 /* NetworkRequestConstructor.swift */ = {isa = PBXFileReference; lastKnownFileType = sourcecode.swift; path = NetworkRequestConstructor.swift; sourceTree = "<group>"; };
		F238C884251A6176000FAFF6 /* NewsAPIEndpoint.swift */ = {isa = PBXFileReference; lastKnownFileType = sourcecode.swift; path = NewsAPIEndpoint.swift; sourceTree = "<group>"; };
		F238C886251A66F3000FAFF6 /* NewsAPIInterceptor.swift */ = {isa = PBXFileReference; lastKnownFileType = sourcecode.swift; path = NewsAPIInterceptor.swift; sourceTree = "<group>"; };
		F238C889251A6794000FAFF6 /* API_KEYS.swift */ = {isa = PBXFileReference; lastKnownFileType = sourcecode.swift; path = API_KEYS.swift; sourceTree = "<group>"; };
		F238C88D251A8342000FAFF6 /* NewsScrollerView.swift */ = {isa = PBXFileReference; lastKnownFileType = sourcecode.swift; path = NewsScrollerView.swift; sourceTree = "<group>"; };
		F28776F5251F3D460012E8A2 /* NewsCardTableViewCell.swift */ = {isa = PBXFileReference; lastKnownFileType = sourcecode.swift; path = NewsCardTableViewCell.swift; sourceTree = "<group>"; };
		F28776F7251F70400012E8A2 /* ResponseCacher.swift */ = {isa = PBXFileReference; lastKnownFileType = sourcecode.swift; path = ResponseCacher.swift; sourceTree = "<group>"; };
		F28776FA251FB7450012E8A2 /* NewsCardTableViewCellViewModel.swift */ = {isa = PBXFileReference; lastKnownFileType = sourcecode.swift; path = NewsCardTableViewCellViewModel.swift; sourceTree = "<group>"; };
		F28776FC251FB7BE0012E8A2 /* NewCardTableViewModel.swift */ = {isa = PBXFileReference; lastKnownFileType = sourcecode.swift; path = NewCardTableViewModel.swift; sourceTree = "<group>"; };
		F28776FE251FC9990012E8A2 /* Extensions.swift */ = {isa = PBXFileReference; lastKnownFileType = sourcecode.swift; path = Extensions.swift; sourceTree = "<group>"; };
/* End PBXFileReference section */

/* Begin PBXFrameworksBuildPhase section */
		F238C84C251A3198000FAFF6 /* Frameworks */ = {
			isa = PBXFrameworksBuildPhase;
			buildActionMask = 2147483647;
			files = (
			);
			runOnlyForDeploymentPostprocessing = 0;
		};
		F238C86A251A3854000FAFF6 /* Frameworks */ = {
			isa = PBXFrameworksBuildPhase;
			buildActionMask = 2147483647;
			files = (
			);
			runOnlyForDeploymentPostprocessing = 0;
		};
/* End PBXFrameworksBuildPhase section */

/* Begin PBXGroup section */
		F22F9C9D251BC38400507D71 /* Network */ = {
			isa = PBXGroup;
			children = (
				F238C867251A342B000FAFF6 /* NetworkRequestExecuter.swift */,
				F22F9C9B251BC35400507D71 /* NetworkRequestDataProvider.swift */,
				F238C882251A4A98000FAFF6 /* NetworkRequestConstructor.swift */,
				F28776F7251F70400012E8A2 /* ResponseCacher.swift */,
			);
			path = Network;
			sourceTree = "<group>";
		};
		F22F9C9E251BC43200507D71 /* NewsAPITests */ = {
			isa = PBXGroup;
			children = (
				F22F9CA1251BC47700507D71 /* NewsAPIHeadlineEndpointTests.swift */,
				F22F9CA3251BCB1700507D71 /* NewsAPIEverythingEndpointTests.swift */,
				F22F9CA5251BD5C100507D71 /* NewsAPISourcesEndpointTests.swift */,
				F22F9CA9251BDBA400507D71 /* NewAPIKeyIntegraterTests.swift */,
			);
			path = NewsAPITests;
			sourceTree = "<group>";
		};
		F238C846251A3198000FAFF6 = {
			isa = PBXGroup;
			children = (
				F238C851251A3198000FAFF6 /* NewsApp */,
				F238C86E251A3854000FAFF6 /* NewsAppTests */,
				F238C850251A3198000FAFF6 /* Products */,
			);
			sourceTree = "<group>";
		};
		F238C850251A3198000FAFF6 /* Products */ = {
			isa = PBXGroup;
			children = (
				F238C84F251A3198000FAFF6 /* NewsApp.app */,
				F238C86D251A3854000FAFF6 /* NewsAppTests.xctest */,
			);
			name = Products;
			sourceTree = "<group>";
		};
		F238C851251A3198000FAFF6 /* NewsApp */ = {
			isa = PBXGroup;
			children = (
				F22F9C9D251BC38400507D71 /* Network */,
				F238C88C251A82FC000FAFF6 /* NewsAPIUI */,
				F238C888251A6781000FAFF6 /* API_KEYS */,
				F238C866251A33E5000FAFF6 /* NewsLibrary */,
				F238C852251A3198000FAFF6 /* AppDelegate.swift */,
				F238C854251A3198000FAFF6 /* SceneDelegate.swift */,
				F238C85B251A319A000FAFF6 /* Assets.xcassets */,
				F238C85D251A319A000FAFF6 /* LaunchScreen.storyboard */,
				F238C860251A319A000FAFF6 /* Info.plist */,
			);
			path = NewsApp;
			sourceTree = "<group>";
		};
		F238C866251A33E5000FAFF6 /* NewsLibrary */ = {
			isa = PBXGroup;
			children = (
				F238C884251A6176000FAFF6 /* NewsAPIEndpoint.swift */,
				F238C886251A66F3000FAFF6 /* NewsAPIInterceptor.swift */,
			);
			path = NewsLibrary;
			sourceTree = "<group>";
		};
		F238C86E251A3854000FAFF6 /* NewsAppTests */ = {
			isa = PBXGroup;
			children = (
				F22F9C9E251BC43200507D71 /* NewsAPITests */,
				F238C881251A4A49000FAFF6 /* NetworkService */,
				F238C871251A3854000FAFF6 /* Info.plist */,
			);
			path = NewsAppTests;
			sourceTree = "<group>";
		};
		F238C87F251A49D3000FAFF6 /* NetworkServiceStubs */ = {
			isa = PBXGroup;
			children = (
				F238C877251A4932000FAFF6 /* StubRequestFetcher.swift */,
				F238C879251A4956000FAFF6 /* StubDecoder.swift */,
				F238C87B251A4968000FAFF6 /* StubNetworkServiceError.swift */,
				F238C87D251A4990000FAFF6 /* NetworkServiceStubModal.swift */,
			);
			path = NetworkServiceStubs;
			sourceTree = "<group>";
		};
		F238C881251A4A49000FAFF6 /* NetworkService */ = {
			isa = PBXGroup;
			children = (
				F238C86F251A3854000FAFF6 /* NetworkServiceTests.swift */,
				F22F9C99251BB00500507D71 /* RequestBuilderTests.swift */,
				F238C87F251A49D3000FAFF6 /* NetworkServiceStubs */,
			);
			path = NetworkService;
			sourceTree = "<group>";
		};
		F238C888251A6781000FAFF6 /* API_KEYS */ = {
			isa = PBXGroup;
			children = (
				F238C889251A6794000FAFF6 /* API_KEYS.swift */,
				F22F9CA7251BD85200507D71 /* NewsAPIKeyIntegrater.swift */,
			);
			path = API_KEYS;
			sourceTree = "<group>";
		};
		F238C88C251A82FC000FAFF6 /* NewsAPIUI */ = {
			isa = PBXGroup;
			children = (
				F28776F9251FB7380012E8A2 /* ViewModel */,
				F238C856251A3198000FAFF6 /* NewsAPIViewController.swift */,
				F238C88D251A8342000FAFF6 /* NewsScrollerView.swift */,
				F22F9C94251A8ABC00507D71 /* NewsAPICoordinator.swift */,
				F28776F5251F3D460012E8A2 /* NewsCardTableViewCell.swift */,
				F28776FE251FC9990012E8A2 /* Extensions.swift */,
			);
			path = NewsAPIUI;
			sourceTree = "<group>";
		};
		F28776F9251FB7380012E8A2 /* ViewModel */ = {
			isa = PBXGroup;
			children = (
				F28776FA251FB7450012E8A2 /* NewsCardTableViewCellViewModel.swift */,
				F28776FC251FB7BE0012E8A2 /* NewCardTableViewModel.swift */,
			);
			path = ViewModel;
			sourceTree = "<group>";
		};
/* End PBXGroup section */

/* Begin PBXNativeTarget section */
		F238C84E251A3198000FAFF6 /* NewsApp */ = {
			isa = PBXNativeTarget;
			buildConfigurationList = F238C863251A319A000FAFF6 /* Build configuration list for PBXNativeTarget "NewsApp" */;
			buildPhases = (
				F238C84B251A3198000FAFF6 /* Sources */,
				F238C84C251A3198000FAFF6 /* Frameworks */,
				F238C84D251A3198000FAFF6 /* Resources */,
			);
			buildRules = (
			);
			dependencies = (
			);
			name = NewsApp;
			productName = NewsApp;
			productReference = F238C84F251A3198000FAFF6 /* NewsApp.app */;
			productType = "com.apple.product-type.application";
		};
		F238C86C251A3854000FAFF6 /* NewsAppTests */ = {
			isa = PBXNativeTarget;
			buildConfigurationList = F238C874251A3854000FAFF6 /* Build configuration list for PBXNativeTarget "NewsAppTests" */;
			buildPhases = (
				F238C869251A3854000FAFF6 /* Sources */,
				F238C86A251A3854000FAFF6 /* Frameworks */,
				F238C86B251A3854000FAFF6 /* Resources */,
			);
			buildRules = (
			);
			dependencies = (
				F238C873251A3854000FAFF6 /* PBXTargetDependency */,
			);
			name = NewsAppTests;
			productName = NewsAppTests;
			productReference = F238C86D251A3854000FAFF6 /* NewsAppTests.xctest */;
			productType = "com.apple.product-type.bundle.unit-test";
		};
/* End PBXNativeTarget section */

/* Begin PBXProject section */
		F238C847251A3198000FAFF6 /* Project object */ = {
			isa = PBXProject;
			attributes = {
				LastSwiftUpdateCheck = 1150;
				LastUpgradeCheck = 1150;
				ORGANIZATIONNAME = "Shailesh Aher";
				TargetAttributes = {
					F238C84E251A3198000FAFF6 = {
						CreatedOnToolsVersion = 11.5;
					};
					F238C86C251A3854000FAFF6 = {
						CreatedOnToolsVersion = 11.5;
						TestTargetID = F238C84E251A3198000FAFF6;
					};
				};
			};
			buildConfigurationList = F238C84A251A3198000FAFF6 /* Build configuration list for PBXProject "NewsApp" */;
			compatibilityVersion = "Xcode 9.3";
			developmentRegion = en;
			hasScannedForEncodings = 0;
			knownRegions = (
				en,
				Base,
			);
			mainGroup = F238C846251A3198000FAFF6;
			productRefGroup = F238C850251A3198000FAFF6 /* Products */;
			projectDirPath = "";
			projectRoot = "";
			targets = (
				F238C84E251A3198000FAFF6 /* NewsApp */,
				F238C86C251A3854000FAFF6 /* NewsAppTests */,
			);
		};
/* End PBXProject section */

/* Begin PBXResourcesBuildPhase section */
		F238C84D251A3198000FAFF6 /* Resources */ = {
			isa = PBXResourcesBuildPhase;
			buildActionMask = 2147483647;
			files = (
				F238C85F251A319A000FAFF6 /* LaunchScreen.storyboard in Resources */,
				F238C85C251A319A000FAFF6 /* Assets.xcassets in Resources */,
			);
			runOnlyForDeploymentPostprocessing = 0;
		};
		F238C86B251A3854000FAFF6 /* Resources */ = {
			isa = PBXResourcesBuildPhase;
			buildActionMask = 2147483647;
			files = (
			);
			runOnlyForDeploymentPostprocessing = 0;
		};
/* End PBXResourcesBuildPhase section */

/* Begin PBXSourcesBuildPhase section */
		F238C84B251A3198000FAFF6 /* Sources */ = {
			isa = PBXSourcesBuildPhase;
			buildActionMask = 2147483647;
			files = (
				F238C883251A4A98000FAFF6 /* NetworkRequestConstructor.swift in Sources */,
				F238C857251A3198000FAFF6 /* NewsAPIViewController.swift in Sources */,
				F22F9C9C251BC35400507D71 /* NetworkRequestDataProvider.swift in Sources */,
				F238C88E251A8342000FAFF6 /* NewsScrollerView.swift in Sources */,
				F28776FB251FB7450012E8A2 /* NewsCardTableViewCellViewModel.swift in Sources */,
				F238C853251A3198000FAFF6 /* AppDelegate.swift in Sources */,
				F238C868251A342B000FAFF6 /* NetworkRequestExecuter.swift in Sources */,
				F238C855251A3198000FAFF6 /* SceneDelegate.swift in Sources */,
				F238C887251A66F3000FAFF6 /* NewsAPIInterceptor.swift in Sources */,
				F22F9CA8251BD85200507D71 /* NewsAPIKeyIntegrater.swift in Sources */,
				F238C88A251A6794000FAFF6 /* API_KEYS.swift in Sources */,
				F28776F6251F3D460012E8A2 /* NewsCardTableViewCell.swift in Sources */,
				F28776F8251F70400012E8A2 /* ResponseCacher.swift in Sources */,
				F22F9C95251A8ABC00507D71 /* NewsAPICoordinator.swift in Sources */,
				F28776FF251FC9990012E8A2 /* Extensions.swift in Sources */,
				F28776FD251FB7BE0012E8A2 /* NewCardTableViewModel.swift in Sources */,
				F238C885251A6176000FAFF6 /* NewsAPIEndpoint.swift in Sources */,
			);
			runOnlyForDeploymentPostprocessing = 0;
		};
		F238C869251A3854000FAFF6 /* Sources */ = {
			isa = PBXSourcesBuildPhase;
			buildActionMask = 2147483647;
			files = (
				F22F9CA6251BD5C100507D71 /* NewsAPISourcesEndpointTests.swift in Sources */,
				F238C870251A3854000FAFF6 /* NetworkServiceTests.swift in Sources */,
				F238C878251A4932000FAFF6 /* StubRequestFetcher.swift in Sources */,
				F22F9CA2251BC47700507D71 /* NewsAPIHeadlineEndpointTests.swift in Sources */,
				F238C87A251A4956000FAFF6 /* StubDecoder.swift in Sources */,
				F22F9C9A251BB00500507D71 /* RequestBuilderTests.swift in Sources */,
				F22F9CAA251BDBA400507D71 /* NewAPIKeyIntegraterTests.swift in Sources */,
				F238C87C251A4968000FAFF6 /* StubNetworkServiceError.swift in Sources */,
				F238C87E251A4990000FAFF6 /* NetworkServiceStubModal.swift in Sources */,
				F22F9CA4251BCB1700507D71 /* NewsAPIEverythingEndpointTests.swift in Sources */,
			);
			runOnlyForDeploymentPostprocessing = 0;
		};
/* End PBXSourcesBuildPhase section */

/* Begin PBXTargetDependency section */
		F238C873251A3854000FAFF6 /* PBXTargetDependency */ = {
			isa = PBXTargetDependency;
			target = F238C84E251A3198000FAFF6 /* NewsApp */;
			targetProxy = F238C872251A3854000FAFF6 /* PBXContainerItemProxy */;
		};
/* End PBXTargetDependency section */

/* Begin PBXVariantGroup section */
		F238C85D251A319A000FAFF6 /* LaunchScreen.storyboard */ = {
			isa = PBXVariantGroup;
			children = (
				F238C85E251A319A000FAFF6 /* Base */,
			);
			name = LaunchScreen.storyboard;
			sourceTree = "<group>";
		};
/* End PBXVariantGroup section */

/* Begin XCBuildConfiguration section */
		F238C861251A319A000FAFF6 /* Debug */ = {
			isa = XCBuildConfiguration;
			buildSettings = {
				ALWAYS_SEARCH_USER_PATHS = NO;
				CLANG_ANALYZER_NONNULL = YES;
				CLANG_ANALYZER_NUMBER_OBJECT_CONVERSION = YES_AGGRESSIVE;
				CLANG_CXX_LANGUAGE_STANDARD = "gnu++14";
				CLANG_CXX_LIBRARY = "libc++";
				CLANG_ENABLE_MODULES = YES;
				CLANG_ENABLE_OBJC_ARC = YES;
				CLANG_ENABLE_OBJC_WEAK = YES;
				CLANG_WARN_BLOCK_CAPTURE_AUTORELEASING = YES;
				CLANG_WARN_BOOL_CONVERSION = YES;
				CLANG_WARN_COMMA = YES;
				CLANG_WARN_CONSTANT_CONVERSION = YES;
				CLANG_WARN_DEPRECATED_OBJC_IMPLEMENTATIONS = YES;
				CLANG_WARN_DIRECT_OBJC_ISA_USAGE = YES_ERROR;
				CLANG_WARN_DOCUMENTATION_COMMENTS = YES;
				CLANG_WARN_EMPTY_BODY = YES;
				CLANG_WARN_ENUM_CONVERSION = YES;
				CLANG_WARN_INFINITE_RECURSION = YES;
				CLANG_WARN_INT_CONVERSION = YES;
				CLANG_WARN_NON_LITERAL_NULL_CONVERSION = YES;
				CLANG_WARN_OBJC_IMPLICIT_RETAIN_SELF = YES;
				CLANG_WARN_OBJC_LITERAL_CONVERSION = YES;
				CLANG_WARN_OBJC_ROOT_CLASS = YES_ERROR;
				CLANG_WARN_RANGE_LOOP_ANALYSIS = YES;
				CLANG_WARN_STRICT_PROTOTYPES = YES;
				CLANG_WARN_SUSPICIOUS_MOVE = YES;
				CLANG_WARN_UNGUARDED_AVAILABILITY = YES_AGGRESSIVE;
				CLANG_WARN_UNREACHABLE_CODE = YES;
				CLANG_WARN__DUPLICATE_METHOD_MATCH = YES;
				COPY_PHASE_STRIP = NO;
				DEBUG_INFORMATION_FORMAT = dwarf;
				ENABLE_STRICT_OBJC_MSGSEND = YES;
				ENABLE_TESTABILITY = YES;
				GCC_C_LANGUAGE_STANDARD = gnu11;
				GCC_DYNAMIC_NO_PIC = NO;
				GCC_NO_COMMON_BLOCKS = YES;
				GCC_OPTIMIZATION_LEVEL = 0;
				GCC_PREPROCESSOR_DEFINITIONS = (
					"DEBUG=1",
					"$(inherited)",
				);
				GCC_WARN_64_TO_32_BIT_CONVERSION = YES;
				GCC_WARN_ABOUT_RETURN_TYPE = YES_ERROR;
				GCC_WARN_UNDECLARED_SELECTOR = YES;
				GCC_WARN_UNINITIALIZED_AUTOS = YES_AGGRESSIVE;
				GCC_WARN_UNUSED_FUNCTION = YES;
				GCC_WARN_UNUSED_VARIABLE = YES;
				IPHONEOS_DEPLOYMENT_TARGET = 13.5;
				MTL_ENABLE_DEBUG_INFO = INCLUDE_SOURCE;
				MTL_FAST_MATH = YES;
				ONLY_ACTIVE_ARCH = YES;
				SDKROOT = iphoneos;
				SWIFT_ACTIVE_COMPILATION_CONDITIONS = DEBUG;
				SWIFT_OPTIMIZATION_LEVEL = "-Onone";
			};
			name = Debug;
		};
		F238C862251A319A000FAFF6 /* Release */ = {
			isa = XCBuildConfiguration;
			buildSettings = {
				ALWAYS_SEARCH_USER_PATHS = NO;
				CLANG_ANALYZER_NONNULL = YES;
				CLANG_ANALYZER_NUMBER_OBJECT_CONVERSION = YES_AGGRESSIVE;
				CLANG_CXX_LANGUAGE_STANDARD = "gnu++14";
				CLANG_CXX_LIBRARY = "libc++";
				CLANG_ENABLE_MODULES = YES;
				CLANG_ENABLE_OBJC_ARC = YES;
				CLANG_ENABLE_OBJC_WEAK = YES;
				CLANG_WARN_BLOCK_CAPTURE_AUTORELEASING = YES;
				CLANG_WARN_BOOL_CONVERSION = YES;
				CLANG_WARN_COMMA = YES;
				CLANG_WARN_CONSTANT_CONVERSION = YES;
				CLANG_WARN_DEPRECATED_OBJC_IMPLEMENTATIONS = YES;
				CLANG_WARN_DIRECT_OBJC_ISA_USAGE = YES_ERROR;
				CLANG_WARN_DOCUMENTATION_COMMENTS = YES;
				CLANG_WARN_EMPTY_BODY = YES;
				CLANG_WARN_ENUM_CONVERSION = YES;
				CLANG_WARN_INFINITE_RECURSION = YES;
				CLANG_WARN_INT_CONVERSION = YES;
				CLANG_WARN_NON_LITERAL_NULL_CONVERSION = YES;
				CLANG_WARN_OBJC_IMPLICIT_RETAIN_SELF = YES;
				CLANG_WARN_OBJC_LITERAL_CONVERSION = YES;
				CLANG_WARN_OBJC_ROOT_CLASS = YES_ERROR;
				CLANG_WARN_RANGE_LOOP_ANALYSIS = YES;
				CLANG_WARN_STRICT_PROTOTYPES = YES;
				CLANG_WARN_SUSPICIOUS_MOVE = YES;
				CLANG_WARN_UNGUARDED_AVAILABILITY = YES_AGGRESSIVE;
				CLANG_WARN_UNREACHABLE_CODE = YES;
				CLANG_WARN__DUPLICATE_METHOD_MATCH = YES;
				COPY_PHASE_STRIP = NO;
				DEBUG_INFORMATION_FORMAT = "dwarf-with-dsym";
				ENABLE_NS_ASSERTIONS = NO;
				ENABLE_STRICT_OBJC_MSGSEND = YES;
				GCC_C_LANGUAGE_STANDARD = gnu11;
				GCC_NO_COMMON_BLOCKS = YES;
				GCC_WARN_64_TO_32_BIT_CONVERSION = YES;
				GCC_WARN_ABOUT_RETURN_TYPE = YES_ERROR;
				GCC_WARN_UNDECLARED_SELECTOR = YES;
				GCC_WARN_UNINITIALIZED_AUTOS = YES_AGGRESSIVE;
				GCC_WARN_UNUSED_FUNCTION = YES;
				GCC_WARN_UNUSED_VARIABLE = YES;
				IPHONEOS_DEPLOYMENT_TARGET = 13.5;
				MTL_ENABLE_DEBUG_INFO = NO;
				MTL_FAST_MATH = YES;
				SDKROOT = iphoneos;
				SWIFT_COMPILATION_MODE = wholemodule;
				SWIFT_OPTIMIZATION_LEVEL = "-O";
				VALIDATE_PRODUCT = YES;
			};
			name = Release;
		};
		F238C864251A319A000FAFF6 /* Debug */ = {
			isa = XCBuildConfiguration;
			buildSettings = {
				ASSETCATALOG_COMPILER_APPICON_NAME = AppIcon;
				CODE_SIGN_STYLE = Automatic;
				DEVELOPMENT_TEAM = UFPXYFK948;
				INFOPLIST_FILE = NewsApp/Info.plist;
				LD_RUNPATH_SEARCH_PATHS = (
					"$(inherited)",
					"@executable_path/Frameworks",
				);
				PRODUCT_BUNDLE_IDENTIFIER = com.shailesh.aher.NewsApp;
				PRODUCT_NAME = "$(TARGET_NAME)";
				SWIFT_VERSION = 5.0;
				TARGETED_DEVICE_FAMILY = "1,2";
			};
			name = Debug;
		};
		F238C865251A319A000FAFF6 /* Release */ = {
			isa = XCBuildConfiguration;
			buildSettings = {
				ASSETCATALOG_COMPILER_APPICON_NAME = AppIcon;
				CODE_SIGN_STYLE = Automatic;
				DEVELOPMENT_TEAM = UFPXYFK948;
				INFOPLIST_FILE = NewsApp/Info.plist;
				LD_RUNPATH_SEARCH_PATHS = (
					"$(inherited)",
					"@executable_path/Frameworks",
				);
				PRODUCT_BUNDLE_IDENTIFIER = com.shailesh.aher.NewsApp;
				PRODUCT_NAME = "$(TARGET_NAME)";
				SWIFT_VERSION = 5.0;
				TARGETED_DEVICE_FAMILY = "1,2";
			};
			name = Release;
		};
		F238C875251A3854000FAFF6 /* Debug */ = {
			isa = XCBuildConfiguration;
			buildSettings = {
				BUNDLE_LOADER = "$(TEST_HOST)";
				CODE_SIGN_STYLE = Automatic;
				DEVELOPMENT_TEAM = UFPXYFK948;
				INFOPLIST_FILE = NewsAppTests/Info.plist;
				LD_RUNPATH_SEARCH_PATHS = (
					"$(inherited)",
					"@executable_path/Frameworks",
					"@loader_path/Frameworks",
				);
				PRODUCT_BUNDLE_IDENTIFIER = com.shailesh.aher.NewsAppTests;
				PRODUCT_NAME = "$(TARGET_NAME)";
				SWIFT_VERSION = 5.0;
				TARGETED_DEVICE_FAMILY = "1,2";
				TEST_HOST = "$(BUILT_PRODUCTS_DIR)/NewsApp.app/NewsApp";
			};
			name = Debug;
		};
		F238C876251A3854000FAFF6 /* Release */ = {
			isa = XCBuildConfiguration;
			buildSettings = {
				BUNDLE_LOADER = "$(TEST_HOST)";
				CODE_SIGN_STYLE = Automatic;
				DEVELOPMENT_TEAM = UFPXYFK948;
				INFOPLIST_FILE = NewsAppTests/Info.plist;
				LD_RUNPATH_SEARCH_PATHS = (
					"$(inherited)",
					"@executable_path/Frameworks",
					"@loader_path/Frameworks",
				);
				PRODUCT_BUNDLE_IDENTIFIER = com.shailesh.aher.NewsAppTests;
				PRODUCT_NAME = "$(TARGET_NAME)";
				SWIFT_VERSION = 5.0;
				TARGETED_DEVICE_FAMILY = "1,2";
				TEST_HOST = "$(BUILT_PRODUCTS_DIR)/NewsApp.app/NewsApp";
			};
			name = Release;
		};
/* End XCBuildConfiguration section */

/* Begin XCConfigurationList section */
		F238C84A251A3198000FAFF6 /* Build configuration list for PBXProject "NewsApp" */ = {
			isa = XCConfigurationList;
			buildConfigurations = (
				F238C861251A319A000FAFF6 /* Debug */,
				F238C862251A319A000FAFF6 /* Release */,
			);
			defaultConfigurationIsVisible = 0;
			defaultConfigurationName = Release;
		};
		F238C863251A319A000FAFF6 /* Build configuration list for PBXNativeTarget "NewsApp" */ = {
			isa = XCConfigurationList;
			buildConfigurations = (
				F238C864251A319A000FAFF6 /* Debug */,
				F238C865251A319A000FAFF6 /* Release */,
			);
			defaultConfigurationIsVisible = 0;
			defaultConfigurationName = Release;
		};
		F238C874251A3854000FAFF6 /* Build configuration list for PBXNativeTarget "NewsAppTests" */ = {
			isa = XCConfigurationList;
			buildConfigurations = (
				F238C875251A3854000FAFF6 /* Debug */,
				F238C876251A3854000FAFF6 /* Release */,
			);
			defaultConfigurationIsVisible = 0;
			defaultConfigurationName = Release;
		};
/* End XCConfigurationList section */
	};
	rootObject = F238C847251A3198000FAFF6 /* Project object */;
}
